
Microsoft Visual Studio Solution File, Format Version 12.00
# Visual Studio 15
VisualStudioVersion = 15.0.33026.149
MinimumVisualStudioVersion = 10.0.40219.1
Project("{9A19103F-16F7-4668-BE54-9A1E7A4F7556}") = "PrimeiroProjeto", "PrimeiroProjeto\PrimeiroProjeto.csproj", "{4814D2A1-547F-46A3-A444-92900F7EA9FA}"
EndProject
Project("{FAE04EC0-301F-11D3-BF4B-00C04F79EFBC}") = "SegundoProjeto", "SegundoProjeto\SegundoProjeto.csproj", "{C16569F3-A213-438D-87DB-DB509548660C}"
EndProject
Global
	GlobalSection(SolutionConfigurationPlatforms) = preSolution
		Debug|Any CPU = Debug|Any CPU
		Release|Any CPU = Release|Any CPU
	EndGlobalSection
	GlobalSection(ProjectConfigurationPlatforms) = postSolution
		{4814D2A1-547F-46A3-A444-92900F7EA9FA}.Debug|Any CPU.ActiveCfg = Debug|Any CPU
		{4814D2A1-547F-46A3-A444-92900F7EA9FA}.Debug|Any CPU.Build.0 = Debug|Any CPU
		{4814D2A1-547F-46A3-A444-92900F7EA9FA}.Release|Any CPU.ActiveCfg = Release|Any CPU
		{4814D2A1-547F-46A3-A444-92900F7EA9FA}.Release|Any CPU.Build.0 = Release|Any CPU
		{C16569F3-A213-438D-87DB-DB509548660C}.Debug|Any CPU.ActiveCfg = Debug|Any CPU
		{C16569F3-A213-438D-87DB-DB509548660C}.Debug|Any CPU.Build.0 = Debug|Any CPU
		{C16569F3-A213-438D-87DB-DB509548660C}.Release|Any CPU.ActiveCfg = Release|Any CPU
		{C16569F3-A213-438D-87DB-DB509548660C}.Release|Any CPU.Build.0 = Release|Any CPU
	EndGlobalSection
	GlobalSection(SolutionProperties) = preSolution
		HideSolutionNode = FALSE
	EndGlobalSection
	GlobalSection(ExtensibilityGlobals) = postSolution
		SolutionGuid = {0E45A80A-9AFC-4C53-87B4-66755D88BA8F}
	EndGlobalSection
EndGlobal
